
Microsoft Visual Studio Solution File, Format Version 12.00
# Visual Studio Version 16
VisualStudioVersion = 16.0.30114.105
MinimumVisualStudioVersion = 10.0.40219.1
Project("{FAE04EC0-301F-11D3-BF4B-00C04F79EFBC}") = "youtube-dl-test.app", "youtube-dl-test.app\youtube-dl-test.app.csproj", "{D5BB96B0-8CEC-488F-8C2E-40B50E22CDCF}"
EndProject
Project("{FAE04EC0-301F-11D3-BF4B-00C04F79EFBC}") = "youtube-dl-test.core", "youtube-dl-test.core\youtube-dl-test.core.csproj", "{A62943BD-0706-4B17-892A-4C95A4B38267}"
EndProject
Global
	GlobalSection(SolutionConfigurationPlatforms) = preSolution
		Debug|Any CPU = Debug|Any CPU
		Release|Any CPU = Release|Any CPU
	EndGlobalSection
	GlobalSection(ProjectConfigurationPlatforms) = postSolution
		{D5BB96B0-8CEC-488F-8C2E-40B50E22CDCF}.Debug|Any CPU.ActiveCfg = Debug|Any CPU
		{D5BB96B0-8CEC-488F-8C2E-40B50E22CDCF}.Debug|Any CPU.Build.0 = Debug|Any CPU
		{D5BB96B0-8CEC-488F-8C2E-40B50E22CDCF}.Release|Any CPU.ActiveCfg = Release|Any CPU
		{D5BB96B0-8CEC-488F-8C2E-40B50E22CDCF}.Release|Any CPU.Build.0 = Release|Any CPU
		{A62943BD-0706-4B17-892A-4C95A4B38267}.Debug|Any CPU.ActiveCfg = Debug|Any CPU
		{A62943BD-0706-4B17-892A-4C95A4B38267}.Debug|Any CPU.Build.0 = Debug|Any CPU
		{A62943BD-0706-4B17-892A-4C95A4B38267}.Release|Any CPU.ActiveCfg = Release|Any CPU
		{A62943BD-0706-4B17-892A-4C95A4B38267}.Release|Any CPU.Build.0 = Release|Any CPU
	EndGlobalSection
	GlobalSection(SolutionProperties) = preSolution
		HideSolutionNode = FALSE
	EndGlobalSection
	GlobalSection(ExtensibilityGlobals) = postSolution
		SolutionGuid = {EC2B4CD3-52C6-4016-8952-735599ABC7F6}
	EndGlobalSection
EndGlobal
